
Microsoft Visual Studio Solution File, Format Version 12.00
# Visual Studio Version 17
VisualStudioVersion = 17.8.34525.116
MinimumVisualStudioVersion = 10.0.40219.1
Project("{FAE04EC0-301F-11D3-BF4B-00C04F79EFBC}") = "Dip", "Dip\Dip.csproj", "{38621D1F-0013-462D-A263-52CF9783318E}"
EndProject
Global
	GlobalSection(SolutionConfigurationPlatforms) = preSolution
		Debug|Any CPU = Debug|Any CPU
		Release|Any CPU = Release|Any CPU
	EndGlobalSection
	GlobalSection(ProjectConfigurationPlatforms) = postSolution
		{38621D1F-0013-462D-A263-52CF9783318E}.Debug|Any CPU.ActiveCfg = Debug|Any CPU
		{38621D1F-0013-462D-A263-52CF9783318E}.Debug|Any CPU.Build.0 = Debug|Any CPU
		{38621D1F-0013-462D-A263-52CF9783318E}.Release|Any CPU.ActiveCfg = Release|Any CPU
		{38621D1F-0013-462D-A263-52CF9783318E}.Release|Any CPU.Build.0 = Release|Any CPU
	EndGlobalSection
	GlobalSection(SolutionProperties) = preSolution
		HideSolutionNode = FALSE
	EndGlobalSection
	GlobalSection(ExtensibilityGlobals) = postSolution
		SolutionGuid = {6F42BBDD-E0B9-46F9-8286-AFC09C94009B}
	EndGlobalSection
EndGlobal
